
Microsoft Visual Studio Solution File, Format Version 12.00
# Visual Studio Version 17
VisualStudioVersion = 17.0.31919.166
MinimumVisualStudioVersion = 10.0.40219.1
Project("{9A19103F-16F7-4668-BE54-9A1E7A4F7556}") = "MessageBox.Core", "MessageBox.Core\MessageBox.Core.csproj", "{DDAF6F35-4180-4067-BDDE-979264172EE0}"
EndProject
Project("{9A19103F-16F7-4668-BE54-9A1E7A4F7556}") = "MessageBox.Server", "MessageBox.Server\MessageBox.Server.csproj", "{1E6710DC-1B53-418C-A20D-8FFAE93D7689}"
EndProject
Project("{9A19103F-16F7-4668-BE54-9A1E7A4F7556}") = "MessageBox.Tests", "MessageBox.Tests\MessageBox.Tests.csproj", "{CDDD626B-D4A0-4712-BF77-D177D1D8177E}"
EndProject
Project("{9A19103F-16F7-4668-BE54-9A1E7A4F7556}") = "MessageBox.Client", "MessageBox.Client\MessageBox.Client.csproj", "{5512878B-D683-499C-998A-270CC6ED78C6}"
EndProject
Project("{9A19103F-16F7-4668-BE54-9A1E7A4F7556}") = "MessageBox.Testing", "MessageBox.Testing\MessageBox.Testing.csproj", "{571460DF-2C34-44A6-8BAC-3746FF4FF374}"
EndProject
Project("{9A19103F-16F7-4668-BE54-9A1E7A4F7556}") = "MessageBox.Serializer.Json", "MessageBox.Serializer.Json\MessageBox.Serializer.Json.csproj", "{46BEEF38-0903-4362-ADE7-6920C5D7AFBA}"
EndProject
Project("{9A19103F-16F7-4668-BE54-9A1E7A4F7556}") = "MessageBox.Tcp", "MessageBox.Tcp\MessageBox.Tcp.csproj", "{F0AF6339-DBEB-4EFC-9B6A-4652E640D3D3}"
EndProject
Project("{9A19103F-16F7-4668-BE54-9A1E7A4F7556}") = "MessageBox.Server.Tcp", "MessageBox.Server.Tcp\MessageBox.Server.Tcp.csproj", "{E4F87A60-D362-4A14-9E64-CE243E693900}"
EndProject
Project("{9A19103F-16F7-4668-BE54-9A1E7A4F7556}") = "MessageBox.Client.Tcp", "MessageBox.Client.Tcp\MessageBox.Client.Tcp.csproj", "{737C6E15-9343-47CC-80D0-FBA6B219A585}"
EndProject
Project("{2150E333-8FDC-42A3-9474-1A3956D46DE8}") = "Admin", "Admin", "{7B42BEEC-9BF5-42C7-ABC9-F302BA2A3B81}"
EndProject
Project("{9A19103F-16F7-4668-BE54-9A1E7A4F7556}") = "MessageBox.Server.Tcp.Host.Server", "Admin\Server\MessageBox.Server.Tcp.Host.Server.csproj", "{79853DF7-9DAA-4B6A-BF35-299E1EF86947}"
EndProject
Project("{9A19103F-16F7-4668-BE54-9A1E7A4F7556}") = "MessageBox.Server.Tcp.Host.Client", "Admin\Client\MessageBox.Server.Tcp.Host.Client.csproj", "{01EC9348-1E4A-4933-A5C0-7C567B79CDEA}"
EndProject
Project("{9A19103F-16F7-4668-BE54-9A1E7A4F7556}") = "MessageBox.Server.Tcp.Host.Shared", "Admin\Shared\MessageBox.Server.Tcp.Host.Shared.csproj", "{8981620B-FB7B-4AFB-9A8D-44A65F23F537}"
EndProject
Project("{2150E333-8FDC-42A3-9474-1A3956D46DE8}") = "Samples", "Samples", "{42C36A73-B454-48F2-9A0E-EE18342BB5EA}"
EndProject
Project("{2150E333-8FDC-42A3-9474-1A3956D46DE8}") = "Demo", "Demo", "{B5AFCE86-53F4-47F7-8CF2-31E93316604B}"
EndProject
Project("{9A19103F-16F7-4668-BE54-9A1E7A4F7556}") = "ServerApp", "..\samples\demo\ServerApp\ServerApp.csproj", "{CDAEFC9A-8A20-4398-84F9-A74C00971C30}"
EndProject
Project("{9A19103F-16F7-4668-BE54-9A1E7A4F7556}") = "ClientApp", "..\samples\demo\ClientApp\ClientApp.csproj", "{D4E8B837-7F82-413D-99F9-98F9089625B3}"
EndProject
Project("{9A19103F-16F7-4668-BE54-9A1E7A4F7556}") = "ConsumerApp", "..\samples\demo\ConsumerApp\ConsumerApp.csproj", "{7E26F2EA-AC6A-447F-A089-3264DD63C3D9}"
EndProject
Project("{9A19103F-16F7-4668-BE54-9A1E7A4F7556}") = "SharedModels", "..\samples\demo\SharedModels\SharedModels.csproj", "{37398116-8CCC-4A61-9C1E-759E95D5BB64}"
EndProject
Project("{2150E333-8FDC-42A3-9474-1A3956D46DE8}") = "Benckmark", "Benckmark", "{0B253C46-E363-4D9B-8991-58E05BB353E2}"
EndProject
Project("{FAE04EC0-301F-11D3-BF4B-00C04F79EFBC}") = "MessageBox.Benchmark", "..\samples\benchmark\MessageBox.Benchmark\MessageBox.Benchmark.csproj", "{CA67D233-E5FF-488D-937B-901603707BE3}"
EndProject
Global
	GlobalSection(SolutionConfigurationPlatforms) = preSolution
		Debug|Any CPU = Debug|Any CPU
		Release|Any CPU = Release|Any CPU
	EndGlobalSection
	GlobalSection(ProjectConfigurationPlatforms) = postSolution
		{DDAF6F35-4180-4067-BDDE-979264172EE0}.Debug|Any CPU.ActiveCfg = Debug|Any CPU
		{DDAF6F35-4180-4067-BDDE-979264172EE0}.Debug|Any CPU.Build.0 = Debug|Any CPU
		{DDAF6F35-4180-4067-BDDE-979264172EE0}.Release|Any CPU.ActiveCfg = Release|Any CPU
		{DDAF6F35-4180-4067-BDDE-979264172EE0}.Release|Any CPU.Build.0 = Release|Any CPU
		{1E6710DC-1B53-418C-A20D-8FFAE93D7689}.Debug|Any CPU.ActiveCfg = Debug|Any CPU
		{1E6710DC-1B53-418C-A20D-8FFAE93D7689}.Debug|Any CPU.Build.0 = Debug|Any CPU
		{1E6710DC-1B53-418C-A20D-8FFAE93D7689}.Release|Any CPU.ActiveCfg = Release|Any CPU
		{1E6710DC-1B53-418C-A20D-8FFAE93D7689}.Release|Any CPU.Build.0 = Release|Any CPU
		{CDDD626B-D4A0-4712-BF77-D177D1D8177E}.Debug|Any CPU.ActiveCfg = Debug|Any CPU
		{CDDD626B-D4A0-4712-BF77-D177D1D8177E}.Debug|Any CPU.Build.0 = Debug|Any CPU
		{CDDD626B-D4A0-4712-BF77-D177D1D8177E}.Release|Any CPU.ActiveCfg = Release|Any CPU
		{CDDD626B-D4A0-4712-BF77-D177D1D8177E}.Release|Any CPU.Build.0 = Release|Any CPU
		{5512878B-D683-499C-998A-270CC6ED78C6}.Debug|Any CPU.ActiveCfg = Debug|Any CPU
		{5512878B-D683-499C-998A-270CC6ED78C6}.Debug|Any CPU.Build.0 = Debug|Any CPU
		{5512878B-D683-499C-998A-270CC6ED78C6}.Release|Any CPU.ActiveCfg = Release|Any CPU
		{5512878B-D683-499C-998A-270CC6ED78C6}.Release|Any CPU.Build.0 = Release|Any CPU
		{571460DF-2C34-44A6-8BAC-3746FF4FF374}.Debug|Any CPU.ActiveCfg = Debug|Any CPU
		{571460DF-2C34-44A6-8BAC-3746FF4FF374}.Debug|Any CPU.Build.0 = Debug|Any CPU
		{571460DF-2C34-44A6-8BAC-3746FF4FF374}.Release|Any CPU.ActiveCfg = Release|Any CPU
		{571460DF-2C34-44A6-8BAC-3746FF4FF374}.Release|Any CPU.Build.0 = Release|Any CPU
		{46BEEF38-0903-4362-ADE7-6920C5D7AFBA}.Debug|Any CPU.ActiveCfg = Debug|Any CPU
		{46BEEF38-0903-4362-ADE7-6920C5D7AFBA}.Debug|Any CPU.Build.0 = Debug|Any CPU
		{46BEEF38-0903-4362-ADE7-6920C5D7AFBA}.Release|Any CPU.ActiveCfg = Release|Any CPU
		{46BEEF38-0903-4362-ADE7-6920C5D7AFBA}.Release|Any CPU.Build.0 = Release|Any CPU
		{F0AF6339-DBEB-4EFC-9B6A-4652E640D3D3}.Debug|Any CPU.ActiveCfg = Debug|Any CPU
		{F0AF6339-DBEB-4EFC-9B6A-4652E640D3D3}.Debug|Any CPU.Build.0 = Debug|Any CPU
		{F0AF6339-DBEB-4EFC-9B6A-4652E640D3D3}.Release|Any CPU.ActiveCfg = Release|Any CPU
		{F0AF6339-DBEB-4EFC-9B6A-4652E640D3D3}.Release|Any CPU.Build.0 = Release|Any CPU
		{E4F87A60-D362-4A14-9E64-CE243E693900}.Debug|Any CPU.ActiveCfg = Debug|Any CPU
		{E4F87A60-D362-4A14-9E64-CE243E693900}.Debug|Any CPU.Build.0 = Debug|Any CPU
		{E4F87A60-D362-4A14-9E64-CE243E693900}.Release|Any CPU.ActiveCfg = Release|Any CPU
		{E4F87A60-D362-4A14-9E64-CE243E693900}.Release|Any CPU.Build.0 = Release|Any CPU
		{737C6E15-9343-47CC-80D0-FBA6B219A585}.Debug|Any CPU.ActiveCfg = Debug|Any CPU
		{737C6E15-9343-47CC-80D0-FBA6B219A585}.Debug|Any CPU.Build.0 = Debug|Any CPU
		{737C6E15-9343-47CC-80D0-FBA6B219A585}.Release|Any CPU.ActiveCfg = Release|Any CPU
		{737C6E15-9343-47CC-80D0-FBA6B219A585}.Release|Any CPU.Build.0 = Release|Any CPU
		{79853DF7-9DAA-4B6A-BF35-299E1EF86947}.Debug|Any CPU.ActiveCfg = Debug|Any CPU
		{79853DF7-9DAA-4B6A-BF35-299E1EF86947}.Debug|Any CPU.Build.0 = Debug|Any CPU
		{79853DF7-9DAA-4B6A-BF35-299E1EF86947}.Release|Any CPU.ActiveCfg = Release|Any CPU
		{79853DF7-9DAA-4B6A-BF35-299E1EF86947}.Release|Any CPU.Build.0 = Release|Any CPU
		{01EC9348-1E4A-4933-A5C0-7C567B79CDEA}.Debug|Any CPU.ActiveCfg = Debug|Any CPU
		{01EC9348-1E4A-4933-A5C0-7C567B79CDEA}.Debug|Any CPU.Build.0 = Debug|Any CPU
		{01EC9348-1E4A-4933-A5C0-7C567B79CDEA}.Release|Any CPU.ActiveCfg = Release|Any CPU
		{01EC9348-1E4A-4933-A5C0-7C567B79CDEA}.Release|Any CPU.Build.0 = Release|Any CPU
		{8981620B-FB7B-4AFB-9A8D-44A65F23F537}.Debug|Any CPU.ActiveCfg = Debug|Any CPU
		{8981620B-FB7B-4AFB-9A8D-44A65F23F537}.Debug|Any CPU.Build.0 = Debug|Any CPU
		{8981620B-FB7B-4AFB-9A8D-44A65F23F537}.Release|Any CPU.ActiveCfg = Release|Any CPU
		{8981620B-FB7B-4AFB-9A8D-44A65F23F537}.Release|Any CPU.Build.0 = Release|Any CPU
		{CDAEFC9A-8A20-4398-84F9-A74C00971C30}.Debug|Any CPU.ActiveCfg = Debug|Any CPU
		{CDAEFC9A-8A20-4398-84F9-A74C00971C30}.Debug|Any CPU.Build.0 = Debug|Any CPU
		{CDAEFC9A-8A20-4398-84F9-A74C00971C30}.Release|Any CPU.ActiveCfg = Release|Any CPU
		{CDAEFC9A-8A20-4398-84F9-A74C00971C30}.Release|Any CPU.Build.0 = Release|Any CPU
		{D4E8B837-7F82-413D-99F9-98F9089625B3}.Debug|Any CPU.ActiveCfg = Debug|Any CPU
		{D4E8B837-7F82-413D-99F9-98F9089625B3}.Debug|Any CPU.Build.0 = Debug|Any CPU
		{D4E8B837-7F82-413D-99F9-98F9089625B3}.Release|Any CPU.ActiveCfg = Release|Any CPU
		{D4E8B837-7F82-413D-99F9-98F9089625B3}.Release|Any CPU.Build.0 = Release|Any CPU
		{7E26F2EA-AC6A-447F-A089-3264DD63C3D9}.Debug|Any CPU.ActiveCfg = Debug|Any CPU
		{7E26F2EA-AC6A-447F-A089-3264DD63C3D9}.Debug|Any CPU.Build.0 = Debug|Any CPU
		{7E26F2EA-AC6A-447F-A089-3264DD63C3D9}.Release|Any CPU.ActiveCfg = Release|Any CPU
		{7E26F2EA-AC6A-447F-A089-3264DD63C3D9}.Release|Any CPU.Build.0 = Release|Any CPU
		{37398116-8CCC-4A61-9C1E-759E95D5BB64}.Debug|Any CPU.ActiveCfg = Debug|Any CPU
		{37398116-8CCC-4A61-9C1E-759E95D5BB64}.Debug|Any CPU.Build.0 = Debug|Any CPU
		{37398116-8CCC-4A61-9C1E-759E95D5BB64}.Release|Any CPU.ActiveCfg = Release|Any CPU
		{37398116-8CCC-4A61-9C1E-759E95D5BB64}.Release|Any CPU.Build.0 = Release|Any CPU
		{CA67D233-E5FF-488D-937B-901603707BE3}.Debug|Any CPU.ActiveCfg = Debug|Any CPU
		{CA67D233-E5FF-488D-937B-901603707BE3}.Debug|Any CPU.Build.0 = Debug|Any CPU
		{CA67D233-E5FF-488D-937B-901603707BE3}.Release|Any CPU.ActiveCfg = Release|Any CPU
		{CA67D233-E5FF-488D-937B-901603707BE3}.Release|Any CPU.Build.0 = Release|Any CPU
	EndGlobalSection
	GlobalSection(SolutionProperties) = preSolution
		HideSolutionNode = FALSE
	EndGlobalSection
	GlobalSection(NestedProjects) = preSolution
		{79853DF7-9DAA-4B6A-BF35-299E1EF86947} = {7B42BEEC-9BF5-42C7-ABC9-F302BA2A3B81}
		{01EC9348-1E4A-4933-A5C0-7C567B79CDEA} = {7B42BEEC-9BF5-42C7-ABC9-F302BA2A3B81}
		{8981620B-FB7B-4AFB-9A8D-44A65F23F537} = {7B42BEEC-9BF5-42C7-ABC9-F302BA2A3B81}
		{B5AFCE86-53F4-47F7-8CF2-31E93316604B} = {42C36A73-B454-48F2-9A0E-EE18342BB5EA}
		{CDAEFC9A-8A20-4398-84F9-A74C00971C30} = {B5AFCE86-53F4-47F7-8CF2-31E93316604B}
		{D4E8B837-7F82-413D-99F9-98F9089625B3} = {B5AFCE86-53F4-47F7-8CF2-31E93316604B}
		{7E26F2EA-AC6A-447F-A089-3264DD63C3D9} = {B5AFCE86-53F4-47F7-8CF2-31E93316604B}
		{37398116-8CCC-4A61-9C1E-759E95D5BB64} = {B5AFCE86-53F4-47F7-8CF2-31E93316604B}
		{0B253C46-E363-4D9B-8991-58E05BB353E2} = {42C36A73-B454-48F2-9A0E-EE18342BB5EA}
		{CA67D233-E5FF-488D-937B-901603707BE3} = {0B253C46-E363-4D9B-8991-58E05BB353E2}
	EndGlobalSection
	GlobalSection(ExtensibilityGlobals) = postSolution
		SolutionGuid = {0A2D4BA8-F6F8-4F02-9633-B9839F69CEC9}
	EndGlobalSection
EndGlobal
